
Microsoft Visual Studio Solution File, Format Version 12.00
# Visual Studio 2012
Project("{FAE04EC0-301F-11D3-BF4B-00C04F79EFBC}") = "TelematicsRecorder", "TelematicsRecorder\TelematicsRecorder.csproj", "{4A829A4F-4E88-4DC9-9D23-B9E956B4E49C}"
EndProject
Global
	GlobalSection(SolutionConfigurationPlatforms) = preSolution
		Debug|Any CPU = Debug|Any CPU
		Release|Any CPU = Release|Any CPU
	EndGlobalSection
	GlobalSection(ProjectConfigurationPlatforms) = postSolution
		{4A829A4F-4E88-4DC9-9D23-B9E956B4E49C}.Debug|Any CPU.ActiveCfg = Debug|Any CPU
		{4A829A4F-4E88-4DC9-9D23-B9E956B4E49C}.Debug|Any CPU.Build.0 = Debug|Any CPU
		{4A829A4F-4E88-4DC9-9D23-B9E956B4E49C}.Release|Any CPU.ActiveCfg = Release|Any CPU
		{4A829A4F-4E88-4DC9-9D23-B9E956B4E49C}.Release|Any CPU.Build.0 = Release|Any CPU
	EndGlobalSection
EndGlobal
